
Microsoft Visual Studio Solution File, Format Version 12.00
# Visual Studio Version 17
VisualStudioVersion = 17.3.32922.545
MinimumVisualStudioVersion = 10.0.40219.1
Project("{FAE04EC0-301F-11D3-BF4B-00C04F79EFBC}") = "app5", "app5\app5.csproj", "{CAF7ECC5-AB76-4A72-ADE5-6E2CF3EB6A24}"
EndProject
Global
	GlobalSection(SolutionConfigurationPlatforms) = preSolution
		Debug|Any CPU = Debug|Any CPU
		Release|Any CPU = Release|Any CPU
	EndGlobalSection
	GlobalSection(ProjectConfigurationPlatforms) = postSolution
		{CAF7ECC5-AB76-4A72-ADE5-6E2CF3EB6A24}.Debug|Any CPU.ActiveCfg = Debug|Any CPU
		{CAF7ECC5-AB76-4A72-ADE5-6E2CF3EB6A24}.Debug|Any CPU.Build.0 = Debug|Any CPU
		{CAF7ECC5-AB76-4A72-ADE5-6E2CF3EB6A24}.Release|Any CPU.ActiveCfg = Release|Any CPU
		{CAF7ECC5-AB76-4A72-ADE5-6E2CF3EB6A24}.Release|Any CPU.Build.0 = Release|Any CPU
	EndGlobalSection
	GlobalSection(SolutionProperties) = preSolution
		HideSolutionNode = FALSE
	EndGlobalSection
	GlobalSection(ExtensibilityGlobals) = postSolution
		SolutionGuid = {5001D3FE-4942-4A7B-A404-94E5A2B0D897}
	EndGlobalSection
EndGlobal
